
Microsoft Visual Studio Solution File, Format Version 12.00
# Visual Studio Version 17
VisualStudioVersion = 17.4.33205.214
MinimumVisualStudioVersion = 10.0.40219.1
Project("{FAE04EC0-301F-11D3-BF4B-00C04F79EFBC}") = "ÇokBiçimlilik", "ÇokBiçimlilik.csproj", "{DEC38791-472D-4DEE-AD27-E19EAF351D67}"
EndProject
Global
	GlobalSection(SolutionConfigurationPlatforms) = preSolution
		Debug|Any CPU = Debug|Any CPU
		Release|Any CPU = Release|Any CPU
	EndGlobalSection
	GlobalSection(ProjectConfigurationPlatforms) = postSolution
		{DEC38791-472D-4DEE-AD27-E19EAF351D67}.Debug|Any CPU.ActiveCfg = Debug|Any CPU
		{DEC38791-472D-4DEE-AD27-E19EAF351D67}.Debug|Any CPU.Build.0 = Debug|Any CPU
		{DEC38791-472D-4DEE-AD27-E19EAF351D67}.Release|Any CPU.ActiveCfg = Release|Any CPU
		{DEC38791-472D-4DEE-AD27-E19EAF351D67}.Release|Any CPU.Build.0 = Release|Any CPU
	EndGlobalSection
	GlobalSection(SolutionProperties) = preSolution
		HideSolutionNode = FALSE
	EndGlobalSection
	GlobalSection(ExtensibilityGlobals) = postSolution
		SolutionGuid = {942F8382-CCC2-401C-ABEC-45DBF6E31F65}
	EndGlobalSection
EndGlobal
